# THIS IS AN AUTOGENERATED FILE. DO NOT EDIT THIS FILE DIRECTLY.
# yarn lockfile v1


"@next/env@13.2.4":
  "integrity" "sha512-+Mq3TtpkeeKFZanPturjcXt+KHfKYnLlX6jMLyCrmpq6OOs4i1GqBOAauSkii9QeKCMTYzGppar21JU57b/GEA=="
  "resolved" "https://registry.npmjs.org/@next/env/-/env-13.2.4.tgz"
  "version" "13.2.4"

"@next/swc-win32-x64-msvc@13.2.4":
  "integrity" "sha512-0MffFmyv7tBLlji01qc0IaPP/LVExzvj7/R5x1Jph1bTAIj4Vu81yFQWHHQAP6r4ff9Ukj1mBK6MDNVXm7Tcvw=="
  "resolved" "https://registry.npmjs.org/@next/swc-win32-x64-msvc/-/swc-win32-x64-msvc-13.2.4.tgz"
  "version" "13.2.4"

"@swc/helpers@0.4.14":
  "integrity" "sha512-4C7nX/dvpzB7za4Ql9K81xK3HPxCpHMgwTZVyf+9JQ6VUbn9jjZVN7/Nkdz/Ugzs2CSjqnL/UPXroiVBVHUWUw=="
  "resolved" "https://registry.npmjs.org/@swc/helpers/-/helpers-0.4.14.tgz"
  "version" "0.4.14"
  dependencies:
    "tslib" "^2.4.0"

"@types/cookie@^0.4.1":
  "integrity" "sha512-XW/Aa8APYr6jSVVA1y/DEIZX0/GMKLEVekNG727R8cs56ahETkRAy/3DR7+fJyh7oUgGwNQaRfXCun0+KbWY7Q=="
  "resolved" "https://registry.npmjs.org/@types/cookie/-/cookie-0.4.1.tgz"
  "version" "0.4.1"

"@types/node@^16.10.2":
  "integrity" "sha512-ZOzvDRWp8dCVBmgnkIqYCArgdFOO9YzocZp8Ra25N/RStKiWvMOXHMz+GjSeVNe5TstaTmTWPucGJkDw0XXJWA=="
  "resolved" "https://registry.npmjs.org/@types/node/-/node-16.18.16.tgz"
  "version" "16.18.16"

"@types/node@^18.15.3":
  "integrity" "sha512-p6ua9zBxz5otCmbpb5D3U4B5Nanw6Pk3PPyX05xnxbB/fRv71N7CPmORg7uAD5P70T0xmx1pzAx/FUfa5X+3cw=="
  "resolved" "https://registry.npmjs.org/@types/node/-/node-18.15.3.tgz"
  "version" "18.15.3"

"@types/prop-types@*":
  "integrity" "sha512-KfRL3PuHmqQLOG+2tGpRO26Ctg+Cq1E01D2DMriKEATHgWLfeNDmq9e29Q9WIky0dQ3NPkd1mzYH8Lm936Z9qw=="
  "resolved" "https://registry.npmjs.org/@types/prop-types/-/prop-types-15.7.3.tgz"
  "version" "15.7.3"

"@types/react-dom@^18.0.11":
  "integrity" "sha512-O38bPbI2CWtgw/OoQoY+BRelw7uysmXbWvw3nLWO21H1HSh+GOlqPuXshJfjmpNlKiiSDG9cc1JZAaMmVdcTlw=="
  "resolved" "https://registry.npmjs.org/@types/react-dom/-/react-dom-18.0.11.tgz"
  "version" "18.0.11"
  dependencies:
    "@types/react" "*"

"@types/react@*", "@types/react@^18.0.28":
  "integrity" "sha512-RD0ivG1kEztNBdoAK7lekI9M+azSnitIn85h4iOiaLjaTrMjzslhaqCGaI4IyCJ1RljWiLCEu4jyrLLgqxBTew=="
  "resolved" "https://registry.npmjs.org/@types/react/-/react-18.0.28.tgz"
  "version" "18.0.28"
  dependencies:
    "@types/prop-types" "*"
    "@types/scheduler" "*"
    "csstype" "^3.0.2"

"@types/scheduler@*":
  "integrity" "sha512-EaCxbanVeyxDRTQBkdLb3Bvl/HK7PBK6UJjsSixB0iHKoWxE5uu2Q/DgtpOhPIojN0Zl1whvOd7PoHs2P0s5eA=="
  "resolved" "https://registry.npmjs.org/@types/scheduler/-/scheduler-0.16.1.tgz"
  "version" "0.16.1"

"asynckit@^0.4.0":
  "integrity" "sha512-Oei9OH4tRh0YqU3GxhX79dM/mwVgvbZJaSNaRk+bshkj0S5cfHcgYakreBjrHwatXKbz+IoIdYLxrKim2MjW0Q=="
  "resolved" "https://registry.npmjs.org/asynckit/-/asynckit-0.4.0.tgz"
  "version" "0.4.0"

"axios@^1.3.4":
  "integrity" "sha512-toYm+Bsyl6VC5wSkfkbbNB6ROv7KY93PEBBL6xyDczaIHasAiv4wPqQ/c4RjoQzipxRD2W5g21cOqQulZ7rHwQ=="
  "resolved" "https://registry.npmjs.org/axios/-/axios-1.3.4.tgz"
  "version" "1.3.4"
  dependencies:
    "follow-redirects" "^1.15.0"
    "form-data" "^4.0.0"
    "proxy-from-env" "^1.1.0"

"caniuse-lite@^1.0.30001406":
  "integrity" "sha512-HvjgL3MYAJjceTDCcjRnQGjwUz/5qec9n7JPOzUursUoOTIsYCSDOb1l7RsnZE8mjbxG78zVRCKfrBXyvChBag=="
  "resolved" "https://registry.npmjs.org/caniuse-lite/-/caniuse-lite-1.0.30001465.tgz"
  "version" "1.0.30001465"

"client-only@0.0.1":
  "integrity" "sha512-IV3Ou0jSMzZrd3pZ48nLkT9DA7Ag1pnPzaiQhpW7c3RbcqqzvzzVu+L8gfqMp/8IM2MQtSiqaCxrrcfu8I8rMA=="
  "resolved" "https://registry.npmjs.org/client-only/-/client-only-0.0.1.tgz"
  "version" "0.0.1"

"combined-stream@^1.0.8":
  "integrity" "sha512-FQN4MRfuJeHf7cBbBMJFXhKSDq+2kAArBlmRBvcvFE5BB1HZKXtSFASDhdlz9zOYwxh8lDdnvmMOe/+5cdoEdg=="
  "resolved" "https://registry.npmjs.org/combined-stream/-/combined-stream-1.0.8.tgz"
  "version" "1.0.8"
  dependencies:
    "delayed-stream" "~1.0.0"

"cookie@^0.4.0":
  "integrity" "sha512-aSWTXFzaKWkvHO1Ny/s+ePFpvKsPnjc551iI41v3ny/ow6tBG5Vd+FuqGNhh1LxOmVzOlGUriIlOaokOvhaStA=="
  "resolved" "https://registry.npmjs.org/cookie/-/cookie-0.4.2.tgz"
  "version" "0.4.2"

"cookies-next@^2.1.1":
  "integrity" "sha512-AZGZPdL1hU3jCjN2UMJTGhLOYzNUN9Gm+v8BdptYIHUdwz397Et1p+sZRfvAl8pKnnmMdX2Pk9xDRKCGBum6GA=="
  "resolved" "https://registry.npmjs.org/cookies-next/-/cookies-next-2.1.1.tgz"
  "version" "2.1.1"
  dependencies:
    "@types/cookie" "^0.4.1"
    "@types/node" "^16.10.2"
    "cookie" "^0.4.0"

"csstype@^3.0.2":
  "integrity" "sha512-jXKhWqXPmlUeoQnF/EhTtTl4C9SnrxSH/jZUih3jmO6lBKr99rP3/+FmrMj4EFpOXzMtXHAZkd3x0E6h6Fgflw=="
  "resolved" "https://registry.npmjs.org/csstype/-/csstype-3.0.8.tgz"
  "version" "3.0.8"

"delayed-stream@~1.0.0":
  "integrity" "sha512-ZySD7Nf91aLB0RxL4KGrKHBXl7Eds1DAmEdcoVawXnLD7SDhpNgtuII2aAkg7a7QS41jxPSZ17p4VdGnMHk3MQ=="
  "resolved" "https://registry.npmjs.org/delayed-stream/-/delayed-stream-1.0.0.tgz"
  "version" "1.0.0"

"discord-api-types@0.37.36":
  "integrity" "sha512-Nlxmp10UpVr/utgZ9uODQvG2Or+5w7LFrvFMswyeKC9l/+UaqGT6H0OVgEFhu9GEO4U6K7NNO5W8Carv7irnCA=="
  "resolved" "https://registry.npmjs.org/discord-api-types/-/discord-api-types-0.37.36.tgz"
  "version" "0.37.36"

"follow-redirects@^1.15.0":
  "integrity" "sha512-VQLG33o04KaQ8uYi2tVNbdrWp1QWxNNea+nmIB4EVM28v0hmP17z7aG1+wAkNzVq4KeXTq3221ye5qTJP91JwA=="
  "resolved" "https://registry.npmjs.org/follow-redirects/-/follow-redirects-1.15.2.tgz"
  "version" "1.15.2"

"form-data@^4.0.0":
  "integrity" "sha512-ETEklSGi5t0QMZuiXoA/Q6vcnxcLQP5vdugSpuAyi6SVGi2clPPp+xgEhuMaHC+zGgn31Kd235W35f7Hykkaww=="
  "resolved" "https://registry.npmjs.org/form-data/-/form-data-4.0.0.tgz"
  "version" "4.0.0"
  dependencies:
    "asynckit" "^0.4.0"
    "combined-stream" "^1.0.8"
    "mime-types" "^2.1.12"

"js-tokens@^3.0.0 || ^4.0.0":
  "integrity" "sha512-RdJUflcE3cUzKiMqQgsCu06FPu9UdIJO0beYbPhHN4k6apgJtifcoCtT9bcxOpYBtpD2kCM6Sbzg4CausW/PKQ=="
  "resolved" "https://registry.npmjs.org/js-tokens/-/js-tokens-4.0.0.tgz"
  "version" "4.0.0"

"loose-envify@^1.1.0":
  "integrity" "sha512-lyuxPGr/Wfhrlem2CL/UcnUc1zcqKAImBDzukY7Y5F/yQiNdko6+fRLevlw1HgMySw7f611UIY408EtxRSoK3Q=="
  "resolved" "https://registry.npmjs.org/loose-envify/-/loose-envify-1.4.0.tgz"
  "version" "1.4.0"
  dependencies:
    "js-tokens" "^3.0.0 || ^4.0.0"

"mime-db@1.52.0":
  "integrity" "sha512-sPU4uV7dYlvtWJxwwxHD0PuihVNiE7TyAbQ5SWxDCB9mUYvOgroQOwYQQOKPJ8CIbE+1ETVlOoK1UC2nU3gYvg=="
  "resolved" "https://registry.npmjs.org/mime-db/-/mime-db-1.52.0.tgz"
  "version" "1.52.0"

"mime-types@^2.1.12":
  "integrity" "sha512-ZDY+bPm5zTTF+YpCrAU9nK0UgICYPT0QtT1NZWFv4s++TNkcgVaT0g6+4R2uI4MjQjzysHB1zxuWL50hzaeXiw=="
  "resolved" "https://registry.npmjs.org/mime-types/-/mime-types-2.1.35.tgz"
  "version" "2.1.35"
  dependencies:
    "mime-db" "1.52.0"

"nanoid@^3.3.4":
  "integrity" "sha512-MqBkQh/OHTS2egovRtLk45wEyNXwF+cokD+1YPf9u5VfJiRdAiRwB2froX5Co9Rh20xs4siNPm8naNotSD6RBw=="
  "resolved" "https://registry.npmjs.org/nanoid/-/nanoid-3.3.4.tgz"
  "version" "3.3.4"

"nanoid@^4.0.1":
  "integrity" "sha512-udKGtCCUafD3nQtJg9wBhRP3KMbPglUsgV5JVsXhvyBs/oefqb4sqMEhKBBgqZncYowu58p1prsZQBYvAj/Gww=="
  "resolved" "https://registry.npmjs.org/nanoid/-/nanoid-4.0.1.tgz"
  "version" "4.0.1"

"next@^13.2.4":
  "integrity" "sha512-g1I30317cThkEpvzfXujf0O4wtaQHtDCLhlivwlTJ885Ld+eOgcz7r3TGQzeU+cSRoNHtD8tsJgzxVdYojFssw=="
  "resolved" "https://registry.npmjs.org/next/-/next-13.2.4.tgz"
  "version" "13.2.4"
  dependencies:
    "@next/env" "13.2.4"
    "@swc/helpers" "0.4.14"
    "caniuse-lite" "^1.0.30001406"
    "postcss" "8.4.14"
    "styled-jsx" "5.1.1"
  optionalDependencies:
    "@next/swc-android-arm-eabi" "13.2.4"
    "@next/swc-android-arm64" "13.2.4"
    "@next/swc-darwin-arm64" "13.2.4"
    "@next/swc-darwin-x64" "13.2.4"
    "@next/swc-freebsd-x64" "13.2.4"
    "@next/swc-linux-arm-gnueabihf" "13.2.4"
    "@next/swc-linux-arm64-gnu" "13.2.4"
    "@next/swc-linux-arm64-musl" "13.2.4"
    "@next/swc-linux-x64-gnu" "13.2.4"
    "@next/swc-linux-x64-musl" "13.2.4"
    "@next/swc-win32-arm64-msvc" "13.2.4"
    "@next/swc-win32-ia32-msvc" "13.2.4"
    "@next/swc-win32-x64-msvc" "13.2.4"

"picocolors@^1.0.0":
  "integrity" "sha512-1fygroTLlHu66zi26VoTDv8yRgm0Fccecssto+MhsZ0D/DGW2sm8E8AjW7NU5VVTRt5GxbeZ5qBuJr+HyLYkjQ=="
  "resolved" "https://registry.npmjs.org/picocolors/-/picocolors-1.0.0.tgz"
  "version" "1.0.0"

"postcss@8.4.14":
  "integrity" "sha512-E398TUmfAYFPBSdzgeieK2Y1+1cpdxJx8yXbK/m57nRhKSmk1GB2tO4lbLBtlkfPQTDKfe4Xqv1ASWPpayPEig=="
  "resolved" "https://registry.npmjs.org/postcss/-/postcss-8.4.14.tgz"
  "version" "8.4.14"
  dependencies:
    "nanoid" "^3.3.4"
    "picocolors" "^1.0.0"
    "source-map-js" "^1.0.2"

"proxy-from-env@^1.1.0":
  "integrity" "sha512-D+zkORCbA9f1tdWRK0RaCR3GPv50cMxcrz4X8k5LTSUD1Dkw47mKJEZQNunItRTkWwgtaUSo1RVFRIG9ZXiFYg=="
  "resolved" "https://registry.npmjs.org/proxy-from-env/-/proxy-from-env-1.1.0.tgz"
  "version" "1.1.0"

"react-dom@^18.2.0":
  "integrity" "sha512-6IMTriUmvsjHUjNtEDudZfuDQUoWXVxKHhlEGSk81n4YFS+r/Kl99wXiwlVXtPBtJenozv2P+hxDsw9eA7Xo6g=="
  "resolved" "https://registry.npmjs.org/react-dom/-/react-dom-18.2.0.tgz"
  "version" "18.2.0"
  dependencies:
    "loose-envify" "^1.1.0"
    "scheduler" "^0.23.0"

"react@^18.2.0", "react@>= 16.8.0 || 17.x.x || ^18.0.0-0":
  "integrity" "sha512-/3IjMdb2L9QbBdWiW5e3P2/npwMBaU9mHCSCUzNln0ZCYbcfTsGbTJrU/kGemdH2IWmB2ioZ+zkxtmq6g09fGQ=="
  "resolved" "https://registry.npmjs.org/react/-/react-18.2.0.tgz"
  "version" "18.2.0"
  dependencies:
    "loose-envify" "^1.1.0"

"scheduler@^0.23.0":
  "integrity" "sha512-CtuThmgHNg7zIZWAXi3AsyIzA3n4xx7aNyjwC2VJldO2LMVDhFK+63xGqq6CsJH4rTAt6/M+N4GhZiDYPx9eUw=="
  "resolved" "https://registry.npmjs.org/scheduler/-/scheduler-0.23.0.tgz"
  "version" "0.23.0"
  dependencies:
    "loose-envify" "^1.1.0"

"source-map-js@^1.0.2":
  "integrity" "sha512-R0XvVJ9WusLiqTCEiGCmICCMplcCkIwwR11mOSD9CR5u+IXYdiseeEuXCVAjS54zqwkLcPNnmU4OeJ6tUrWhDw=="
  "resolved" "https://registry.npmjs.org/source-map-js/-/source-map-js-1.0.2.tgz"
  "version" "1.0.2"

"styled-jsx@5.1.1":
  "integrity" "sha512-pW7uC1l4mBZ8ugbiZrcIsiIvVx1UmTfw7UkC3Um2tmfUq9Bhk8IiyEIPl6F8agHgjzku6j0xQEZbfA5uSgSaCw=="
  "resolved" "https://registry.npmjs.org/styled-jsx/-/styled-jsx-5.1.1.tgz"
  "version" "5.1.1"
  dependencies:
    "client-only" "0.0.1"

"tslib@^2.4.0":
  "integrity" "sha512-336iVw3rtn2BUK7ORdIAHTyxHGRIHVReokCR3XjbckJMK7ms8FysBfhLR8IXnAgy7T0PTPNBWKiH514FOW/WSg=="
  "resolved" "https://registry.npmjs.org/tslib/-/tslib-2.5.0.tgz"
  "version" "2.5.0"

"tweetnacl@^1.0.3":
  "integrity" "sha512-6rt+RN7aOi1nGMyC4Xa5DdYiukl2UWCbcJft7YhxReBGQD7OAM8Pbxw6YMo4r2diNEA8FEmu32YOn9rhaiE5yw=="
  "resolved" "https://registry.npmjs.org/tweetnacl/-/tweetnacl-1.0.3.tgz"
  "version" "1.0.3"

"typescript@^4.9.5":
  "integrity" "sha512-1FXk9E2Hm+QzZQ7z+McJiHL4NW1F2EzMu9Nq9i3zAaGqibafqYwCVU6WyWAuyQRRzOlxou8xZSyXLEN8oKj24g=="
  "resolved" "https://registry.npmjs.org/typescript/-/typescript-4.9.5.tgz"
  "version" "4.9.5"
